# THIS IS AN AUTOGENERATED FILE. DO NOT EDIT THIS FILE DIRECTLY.
# yarn lockfile v1


"@next/env@13.2.4":
  version "13.2.4"
  resolved "https://registry.npmjs.org/@next/env/-/env-13.2.4.tgz"
  integrity sha512-+Mq3TtpkeeKFZanPturjcXt+KHfKYnLlX6jMLyCrmpq6OOs4i1GqBOAauSkii9QeKCMTYzGppar21JU57b/GEA==

"@next/swc-android-arm-eabi@13.2.4":
  version "13.2.4"
  resolved "https://registry.yarnpkg.com/@next/swc-android-arm-eabi/-/swc-android-arm-eabi-13.2.4.tgz#758d0403771e549f9cee71cbabc0cb16a6c947c0"
  integrity sha512-DWlalTSkLjDU11MY11jg17O1gGQzpRccM9Oes2yTqj2DpHndajrXHGxj9HGtJ+idq2k7ImUdJVWS2h2l/EDJOw==

"@next/swc-android-arm64@13.2.4":
  version "13.2.4"
  resolved "https://registry.yarnpkg.com/@next/swc-android-arm64/-/swc-android-arm64-13.2.4.tgz#834d586523045110d5602e0c8aae9028835ac427"
  integrity sha512-sRavmUImUCf332Gy+PjIfLkMhiRX1Ez4SI+3vFDRs1N5eXp+uNzjFUK/oLMMOzk6KFSkbiK/3Wt8+dHQR/flNg==

"@next/swc-darwin-arm64@13.2.4":
  version "13.2.4"
  resolved "https://registry.yarnpkg.com/@next/swc-darwin-arm64/-/swc-darwin-arm64-13.2.4.tgz#5006fca179a36ef3a24d293abadec7438dbb48c6"
  integrity sha512-S6vBl+OrInP47TM3LlYx65betocKUUlTZDDKzTiRDbsRESeyIkBtZ6Qi5uT2zQs4imqllJznVjFd1bXLx3Aa6A==

"@next/swc-darwin-x64@13.2.4":
  version "13.2.4"
  resolved "https://registry.yarnpkg.com/@next/swc-darwin-x64/-/swc-darwin-x64-13.2.4.tgz#6549c7c04322766acc3264ccdb3e1b43fcaf7946"
  integrity sha512-a6LBuoYGcFOPGd4o8TPo7wmv5FnMr+Prz+vYHopEDuhDoMSHOnC+v+Ab4D7F0NMZkvQjEJQdJS3rqgFhlZmKlw==

"@next/swc-freebsd-x64@13.2.4":
  version "13.2.4"
  resolved "https://registry.yarnpkg.com/@next/swc-freebsd-x64/-/swc-freebsd-x64-13.2.4.tgz#0bbe28979e3e868debc2cc06e45e186ce195b7f4"
  integrity sha512-kkbzKVZGPaXRBPisoAQkh3xh22r+TD+5HwoC5bOkALraJ0dsOQgSMAvzMXKsN3tMzJUPS0tjtRf1cTzrQ0I5vQ==

"@next/swc-linux-arm-gnueabihf@13.2.4":
  version "13.2.4"
  resolved "https://registry.yarnpkg.com/@next/swc-linux-arm-gnueabihf/-/swc-linux-arm-gnueabihf-13.2.4.tgz#1d28d2203f5a7427d6e7119d7bcb5fc40959fb3e"
  integrity sha512-7qA1++UY0fjprqtjBZaOA6cas/7GekpjVsZn/0uHvquuITFCdKGFCsKNBx3S0Rpxmx6WYo0GcmhNRM9ru08BGg==

"@next/swc-linux-arm64-gnu@13.2.4":
  version "13.2.4"
  resolved "https://registry.yarnpkg.com/@next/swc-linux-arm64-gnu/-/swc-linux-arm64-gnu-13.2.4.tgz#eb26448190948cdf4c44b8f34110a3ecea32f1d0"
  integrity sha512-xzYZdAeq883MwXgcwc72hqo/F/dwUxCukpDOkx/j1HTq/J0wJthMGjinN9wH5bPR98Mfeh1MZJ91WWPnZOedOg==

"@next/swc-linux-arm64-musl@13.2.4":
  version "13.2.4"
  resolved "https://registry.yarnpkg.com/@next/swc-linux-arm64-musl/-/swc-linux-arm64-musl-13.2.4.tgz#c4227c0acd94a420bb14924820710e6284d234d3"
  integrity sha512-8rXr3WfmqSiYkb71qzuDP6I6R2T2tpkmf83elDN8z783N9nvTJf2E7eLx86wu2OJCi4T05nuxCsh4IOU3LQ5xw==

"@next/swc-linux-x64-gnu@13.2.4":
  version "13.2.4"
  resolved "https://registry.npmjs.org/@next/swc-linux-x64-gnu/-/swc-linux-x64-gnu-13.2.4.tgz"
  integrity sha512-Ngxh51zGSlYJ4EfpKG4LI6WfquulNdtmHg1yuOYlaAr33KyPJp4HeN/tivBnAHcZkoNy0hh/SbwDyCnz5PFJQQ==

"@next/swc-linux-x64-musl@13.2.4":
  version "13.2.4"
  resolved "https://registry.npmjs.org/@next/swc-linux-x64-musl/-/swc-linux-x64-musl-13.2.4.tgz"
  integrity sha512-gOvwIYoSxd+j14LOcvJr+ekd9fwYT1RyMAHOp7znA10+l40wkFiMONPLWiZuHxfRk+Dy7YdNdDh3ImumvL6VwA==

"@next/swc-win32-arm64-msvc@13.2.4":
  version "13.2.4"
  resolved "https://registry.yarnpkg.com/@next/swc-win32-arm64-msvc/-/swc-win32-arm64-msvc-13.2.4.tgz#68220063d8e5e082f5465498675640dedb670ff1"
  integrity sha512-q3NJzcfClgBm4HvdcnoEncmztxrA5GXqKeiZ/hADvC56pwNALt3ngDC6t6qr1YW9V/EPDxCYeaX4zYxHciW4Dw==

"@next/swc-win32-ia32-msvc@13.2.4":
  version "13.2.4"
  resolved "https://registry.yarnpkg.com/@next/swc-win32-ia32-msvc/-/swc-win32-ia32-msvc-13.2.4.tgz#7c120ab54a081be9566df310bed834f168252990"
  integrity sha512-/eZ5ncmHUYtD2fc6EUmAIZlAJnVT2YmxDsKs1Ourx0ttTtvtma/WKlMV5NoUsyOez0f9ExLyOpeCoz5aj+MPXw==

"@next/swc-win32-x64-msvc@13.2.4":
  version "13.2.4"
  resolved "https://registry.yarnpkg.com/@next/swc-win32-x64-msvc/-/swc-win32-x64-msvc-13.2.4.tgz#5abda92fe12b9829bf7951c4a221282c56041144"
  integrity sha512-0MffFmyv7tBLlji01qc0IaPP/LVExzvj7/R5x1Jph1bTAIj4Vu81yFQWHHQAP6r4ff9Ukj1mBK6MDNVXm7Tcvw==

"@swc/helpers@0.4.14":
  version "0.4.14"
  resolved "https://registry.npmjs.org/@swc/helpers/-/helpers-0.4.14.tgz"
  integrity sha512-4C7nX/dvpzB7za4Ql9K81xK3HPxCpHMgwTZVyf+9JQ6VUbn9jjZVN7/Nkdz/Ugzs2CSjqnL/UPXroiVBVHUWUw==
  dependencies:
    tslib "^2.4.0"

"@types/node@18.15.0":
  version "18.15.0"
  resolved "https://registry.npmjs.org/@types/node/-/node-18.15.0.tgz"
  integrity sha512-z6nr0TTEOBGkzLGmbypWOGnpSpSIBorEhC4L+4HeQ2iezKCi4f77kyslRwvHeNitymGQ+oFyIWGP96l/DPSV9w==

"@types/prop-types@*":
  version "15.7.5"
  resolved "https://registry.npmjs.org/@types/prop-types/-/prop-types-15.7.5.tgz"
  integrity sha512-JCB8C6SnDoQf0cNycqd/35A7MjcnK+ZTqE7judS6o7utxUCg6imJg3QK2qzHKszlTjcj2cn+NwMB2i96ubpj7w==

"@types/react-dom@^18.0.11":
  version "18.0.11"
  resolved "https://registry.npmjs.org/@types/react-dom/-/react-dom-18.0.11.tgz"
  integrity sha512-O38bPbI2CWtgw/OoQoY+BRelw7uysmXbWvw3nLWO21H1HSh+GOlqPuXshJfjmpNlKiiSDG9cc1JZAaMmVdcTlw==
  dependencies:
    "@types/react" "*"

"@types/react@*", "@types/react@^18.0.28":
  version "18.0.28"
  resolved "https://registry.npmjs.org/@types/react/-/react-18.0.28.tgz"
  integrity sha512-RD0ivG1kEztNBdoAK7lekI9M+azSnitIn85h4iOiaLjaTrMjzslhaqCGaI4IyCJ1RljWiLCEu4jyrLLgqxBTew==
  dependencies:
    "@types/prop-types" "*"
    "@types/scheduler" "*"
    csstype "^3.0.2"

"@types/scheduler@*":
  version "0.16.2"
  resolved "https://registry.npmjs.org/@types/scheduler/-/scheduler-0.16.2.tgz"
  integrity sha512-hppQEBDmlwhFAXKJX2KnWLYu5yMfi91yazPb2l+lbJiwW+wdo1gNeRA+3RgNSO39WYX2euey41KEwnqesU2Jew==

caniuse-lite@^1.0.30001406:
  version "1.0.30001464"
  resolved "https://registry.npmjs.org/caniuse-lite/-/caniuse-lite-1.0.30001464.tgz"
  integrity sha512-oww27MtUmusatpRpCGSOneQk2/l5czXANDSFvsc7VuOQ86s3ANhZetpwXNf1zY/zdfP63Xvjz325DAdAoES13g==

client-only@0.0.1:
  version "0.0.1"
  resolved "https://registry.npmjs.org/client-only/-/client-only-0.0.1.tgz"
  integrity sha512-IV3Ou0jSMzZrd3pZ48nLkT9DA7Ag1pnPzaiQhpW7c3RbcqqzvzzVu+L8gfqMp/8IM2MQtSiqaCxrrcfu8I8rMA==

csstype@^3.0.2:
  version "3.1.1"
  resolved "https://registry.npmjs.org/csstype/-/csstype-3.1.1.tgz"
  integrity sha512-DJR/VvkAvSZW9bTouZue2sSxDwdTN92uHjqeKVm+0dAqdfNykRzQ95tay8aXMBAAPpUiq4Qcug2L7neoRh2Egw==

"js-tokens@^3.0.0 || ^4.0.0":
  version "4.0.0"
  resolved "https://registry.npmjs.org/js-tokens/-/js-tokens-4.0.0.tgz"
  integrity sha512-RdJUflcE3cUzKiMqQgsCu06FPu9UdIJO0beYbPhHN4k6apgJtifcoCtT9bcxOpYBtpD2kCM6Sbzg4CausW/PKQ==

jsx-runtime@^1.2.0:
  version "1.2.0"
  resolved "https://registry.npmjs.org/jsx-runtime/-/jsx-runtime-1.2.0.tgz"
  integrity sha512-iCxmRTlUAWmXwHZxN0JSx/T7eRi0SkKAskE0lp+j4W1mzdNp49ja/9QI2ZmlggPM95RqnDw5ioYjw0EcvpIClw==
  dependencies:
    object-assign "^3.0.0"

loose-envify@^1.1.0:
  version "1.4.0"
  resolved "https://registry.npmjs.org/loose-envify/-/loose-envify-1.4.0.tgz"
  integrity sha512-lyuxPGr/Wfhrlem2CL/UcnUc1zcqKAImBDzukY7Y5F/yQiNdko6+fRLevlw1HgMySw7f611UIY408EtxRSoK3Q==
  dependencies:
    js-tokens "^3.0.0 || ^4.0.0"

nanoid@^3.3.4:
  version "3.3.4"
  resolved "https://registry.npmjs.org/nanoid/-/nanoid-3.3.4.tgz"
  integrity sha512-MqBkQh/OHTS2egovRtLk45wEyNXwF+cokD+1YPf9u5VfJiRdAiRwB2froX5Co9Rh20xs4siNPm8naNotSD6RBw==

next@^13.2.4:
  version "13.2.4"
  resolved "https://registry.npmjs.org/next/-/next-13.2.4.tgz"
  integrity sha512-g1I30317cThkEpvzfXujf0O4wtaQHtDCLhlivwlTJ885Ld+eOgcz7r3TGQzeU+cSRoNHtD8tsJgzxVdYojFssw==
  dependencies:
    "@next/env" "13.2.4"
    "@swc/helpers" "0.4.14"
    caniuse-lite "^1.0.30001406"
    postcss "8.4.14"
    styled-jsx "5.1.1"
  optionalDependencies:
    "@next/swc-android-arm-eabi" "13.2.4"
    "@next/swc-android-arm64" "13.2.4"
    "@next/swc-darwin-arm64" "13.2.4"
    "@next/swc-darwin-x64" "13.2.4"
    "@next/swc-freebsd-x64" "13.2.4"
    "@next/swc-linux-arm-gnueabihf" "13.2.4"
    "@next/swc-linux-arm64-gnu" "13.2.4"
    "@next/swc-linux-arm64-musl" "13.2.4"
    "@next/swc-linux-x64-gnu" "13.2.4"
    "@next/swc-linux-x64-musl" "13.2.4"
    "@next/swc-win32-arm64-msvc" "13.2.4"
    "@next/swc-win32-ia32-msvc" "13.2.4"
    "@next/swc-win32-x64-msvc" "13.2.4"

object-assign@^3.0.0:
  version "3.0.0"
  resolved "https://registry.npmjs.org/object-assign/-/object-assign-3.0.0.tgz"
  integrity sha512-jHP15vXVGeVh1HuaA2wY6lxk+whK/x4KBG88VXeRma7CCun7iGD5qPc4eYykQ9sdQvg8jkwFKsSxHln2ybW3xQ==

picocolors@^1.0.0:
  version "1.0.0"
  resolved "https://registry.npmjs.org/picocolors/-/picocolors-1.0.0.tgz"
  integrity sha512-1fygroTLlHu66zi26VoTDv8yRgm0Fccecssto+MhsZ0D/DGW2sm8E8AjW7NU5VVTRt5GxbeZ5qBuJr+HyLYkjQ==

postcss@8.4.14:
  version "8.4.14"
  resolved "https://registry.npmjs.org/postcss/-/postcss-8.4.14.tgz"
  integrity sha512-E398TUmfAYFPBSdzgeieK2Y1+1cpdxJx8yXbK/m57nRhKSmk1GB2tO4lbLBtlkfPQTDKfe4Xqv1ASWPpayPEig==
  dependencies:
    nanoid "^3.3.4"
    picocolors "^1.0.0"
    source-map-js "^1.0.2"

react-dom@^18.2.0:
  version "18.2.0"
  resolved "https://registry.npmjs.org/react-dom/-/react-dom-18.2.0.tgz"
  integrity sha512-6IMTriUmvsjHUjNtEDudZfuDQUoWXVxKHhlEGSk81n4YFS+r/Kl99wXiwlVXtPBtJenozv2P+hxDsw9eA7Xo6g==
  dependencies:
    loose-envify "^1.1.0"
    scheduler "^0.23.0"

react@^18.2.0:
  version "18.2.0"
  resolved "https://registry.npmjs.org/react/-/react-18.2.0.tgz"
  integrity sha512-/3IjMdb2L9QbBdWiW5e3P2/npwMBaU9mHCSCUzNln0ZCYbcfTsGbTJrU/kGemdH2IWmB2ioZ+zkxtmq6g09fGQ==
  dependencies:
    loose-envify "^1.1.0"

scheduler@^0.23.0:
  version "0.23.0"
  resolved "https://registry.npmjs.org/scheduler/-/scheduler-0.23.0.tgz"
  integrity sha512-CtuThmgHNg7zIZWAXi3AsyIzA3n4xx7aNyjwC2VJldO2LMVDhFK+63xGqq6CsJH4rTAt6/M+N4GhZiDYPx9eUw==
  dependencies:
    loose-envify "^1.1.0"

source-map-js@^1.0.2:
  version "1.0.2"
  resolved "https://registry.npmjs.org/source-map-js/-/source-map-js-1.0.2.tgz"
  integrity sha512-R0XvVJ9WusLiqTCEiGCmICCMplcCkIwwR11mOSD9CR5u+IXYdiseeEuXCVAjS54zqwkLcPNnmU4OeJ6tUrWhDw==

styled-jsx@5.1.1:
  version "5.1.1"
  resolved "https://registry.npmjs.org/styled-jsx/-/styled-jsx-5.1.1.tgz"
  integrity sha512-pW7uC1l4mBZ8ugbiZrcIsiIvVx1UmTfw7UkC3Um2tmfUq9Bhk8IiyEIPl6F8agHgjzku6j0xQEZbfA5uSgSaCw==
  dependencies:
    client-only "0.0.1"

tslib@^2.4.0:
  version "2.5.0"
  resolved "https://registry.npmjs.org/tslib/-/tslib-2.5.0.tgz"
  integrity sha512-336iVw3rtn2BUK7ORdIAHTyxHGRIHVReokCR3XjbckJMK7ms8FysBfhLR8IXnAgy7T0PTPNBWKiH514FOW/WSg==

typescript@4.9.5:
  version "4.9.5"
  resolved "https://registry.npmjs.org/typescript/-/typescript-4.9.5.tgz"
  integrity sha512-1FXk9E2Hm+QzZQ7z+McJiHL4NW1F2EzMu9Nq9i3zAaGqibafqYwCVU6WyWAuyQRRzOlxou8xZSyXLEN8oKj24g==
